
Microsoft Visual Studio Solution File, Format Version 12.00
# Visual Studio Version 17
VisualStudioVersion = 17.5.33424.131
MinimumVisualStudioVersion = 10.0.40219.1
Project("{9A19103F-16F7-4668-BE54-9A1E7A4F7556}") = "InvestimentB3.Api", "InvestimentB3.Api.csproj", "{21683D77-EA49-41C5-BFCB-EBFE3EBDBED0}"
EndProject
Project("{2150E333-8FDC-42A3-9474-1A3956D46DE8}") = "1 - WEB", "1 - WEB", "{B7CDB43D-7491-4ADA-8849-63EC2474D4CD}"
EndProject
Project("{2150E333-8FDC-42A3-9474-1A3956D46DE8}") = "2 - APPLICATION", "2 - APPLICATION", "{44D1127B-C993-4DE1-B277-1D3AAF90A345}"
EndProject
Project("{2150E333-8FDC-42A3-9474-1A3956D46DE8}") = "3 - DOMAIN", "3 - DOMAIN", "{6A30E411-762D-4906-A7FB-B1E3F718C9DB}"
EndProject
Project("{2150E333-8FDC-42A3-9474-1A3956D46DE8}") = "4 - INFRA", "4 - INFRA", "{B9C6D72D-99E2-4322-B2A3-4C3940950F0B}"
EndProject
Project("{9A19103F-16F7-4668-BE54-9A1E7A4F7556}") = "Services", "..\Services\Services.csproj", "{6E8FEA5E-C2B8-41C1-9D11-87160D31CFD9}"
EndProject
Project("{2150E333-8FDC-42A3-9474-1A3956D46DE8}") = "CrossCutting", "CrossCutting", "{7727062C-5873-4C3F-85E8-73BD73F27827}"
EndProject
Project("{2150E333-8FDC-42A3-9474-1A3956D46DE8}") = "Data", "Data", "{D6E971FA-3FCE-4543-85D6-09240E73FA57}"
EndProject
Project("{9A19103F-16F7-4668-BE54-9A1E7A4F7556}") = "Entities", "..\Entities\Entities.csproj", "{4C1FE5A3-5EBF-4A25-9CB2-60509D502992}"
EndProject
Project("{9A19103F-16F7-4668-BE54-9A1E7A4F7556}") = "Repositories", "..\Repositories\Repositories.csproj", "{E3473B2E-8425-4891-BB30-F63E5C4F76C5}"
EndProject
Project("{9A19103F-16F7-4668-BE54-9A1E7A4F7556}") = "IoC", "..\IoC\IoC.csproj", "{4684C5BB-1CA0-4220-A5E2-12AF2C12BC76}"
EndProject
Project("{2150E333-8FDC-42A3-9474-1A3956D46DE8}") = "5 - TEST", "5 - TEST", "{1D0A8495-AF85-44DC-A6DB-F1D5DF6227D8}"
EndProject
Project("{FAE04EC0-301F-11D3-BF4B-00C04F79EFBC}") = "TestProjectb3", "..\TestProjectb3\TestProjectb3.csproj", "{EA7B3C50-729A-431C-9810-E7631F525B85}"
EndProject
Global
	GlobalSection(SolutionConfigurationPlatforms) = preSolution
		Debug|Any CPU = Debug|Any CPU
		Release|Any CPU = Release|Any CPU
	EndGlobalSection
	GlobalSection(ProjectConfigurationPlatforms) = postSolution
		{21683D77-EA49-41C5-BFCB-EBFE3EBDBED0}.Debug|Any CPU.ActiveCfg = Debug|Any CPU
		{21683D77-EA49-41C5-BFCB-EBFE3EBDBED0}.Debug|Any CPU.Build.0 = Debug|Any CPU
		{21683D77-EA49-41C5-BFCB-EBFE3EBDBED0}.Release|Any CPU.ActiveCfg = Release|Any CPU
		{21683D77-EA49-41C5-BFCB-EBFE3EBDBED0}.Release|Any CPU.Build.0 = Release|Any CPU
		{6E8FEA5E-C2B8-41C1-9D11-87160D31CFD9}.Debug|Any CPU.ActiveCfg = Debug|Any CPU
		{6E8FEA5E-C2B8-41C1-9D11-87160D31CFD9}.Debug|Any CPU.Build.0 = Debug|Any CPU
		{6E8FEA5E-C2B8-41C1-9D11-87160D31CFD9}.Release|Any CPU.ActiveCfg = Release|Any CPU
		{6E8FEA5E-C2B8-41C1-9D11-87160D31CFD9}.Release|Any CPU.Build.0 = Release|Any CPU
		{4C1FE5A3-5EBF-4A25-9CB2-60509D502992}.Debug|Any CPU.ActiveCfg = Debug|Any CPU
		{4C1FE5A3-5EBF-4A25-9CB2-60509D502992}.Debug|Any CPU.Build.0 = Debug|Any CPU
		{4C1FE5A3-5EBF-4A25-9CB2-60509D502992}.Release|Any CPU.ActiveCfg = Release|Any CPU
		{4C1FE5A3-5EBF-4A25-9CB2-60509D502992}.Release|Any CPU.Build.0 = Release|Any CPU
		{E3473B2E-8425-4891-BB30-F63E5C4F76C5}.Debug|Any CPU.ActiveCfg = Debug|Any CPU
		{E3473B2E-8425-4891-BB30-F63E5C4F76C5}.Debug|Any CPU.Build.0 = Debug|Any CPU
		{E3473B2E-8425-4891-BB30-F63E5C4F76C5}.Release|Any CPU.ActiveCfg = Release|Any CPU
		{E3473B2E-8425-4891-BB30-F63E5C4F76C5}.Release|Any CPU.Build.0 = Release|Any CPU
		{4684C5BB-1CA0-4220-A5E2-12AF2C12BC76}.Debug|Any CPU.ActiveCfg = Debug|Any CPU
		{4684C5BB-1CA0-4220-A5E2-12AF2C12BC76}.Debug|Any CPU.Build.0 = Debug|Any CPU
		{4684C5BB-1CA0-4220-A5E2-12AF2C12BC76}.Release|Any CPU.ActiveCfg = Release|Any CPU
		{4684C5BB-1CA0-4220-A5E2-12AF2C12BC76}.Release|Any CPU.Build.0 = Release|Any CPU
		{EA7B3C50-729A-431C-9810-E7631F525B85}.Debug|Any CPU.ActiveCfg = Debug|Any CPU
		{EA7B3C50-729A-431C-9810-E7631F525B85}.Debug|Any CPU.Build.0 = Debug|Any CPU
		{EA7B3C50-729A-431C-9810-E7631F525B85}.Release|Any CPU.ActiveCfg = Release|Any CPU
		{EA7B3C50-729A-431C-9810-E7631F525B85}.Release|Any CPU.Build.0 = Release|Any CPU
	EndGlobalSection
	GlobalSection(SolutionProperties) = preSolution
		HideSolutionNode = FALSE
	EndGlobalSection
	GlobalSection(NestedProjects) = preSolution
		{21683D77-EA49-41C5-BFCB-EBFE3EBDBED0} = {B7CDB43D-7491-4ADA-8849-63EC2474D4CD}
		{6E8FEA5E-C2B8-41C1-9D11-87160D31CFD9} = {44D1127B-C993-4DE1-B277-1D3AAF90A345}
		{7727062C-5873-4C3F-85E8-73BD73F27827} = {B9C6D72D-99E2-4322-B2A3-4C3940950F0B}
		{D6E971FA-3FCE-4543-85D6-09240E73FA57} = {B9C6D72D-99E2-4322-B2A3-4C3940950F0B}
		{4C1FE5A3-5EBF-4A25-9CB2-60509D502992} = {6A30E411-762D-4906-A7FB-B1E3F718C9DB}
		{E3473B2E-8425-4891-BB30-F63E5C4F76C5} = {D6E971FA-3FCE-4543-85D6-09240E73FA57}
		{4684C5BB-1CA0-4220-A5E2-12AF2C12BC76} = {7727062C-5873-4C3F-85E8-73BD73F27827}
		{EA7B3C50-729A-431C-9810-E7631F525B85} = {1D0A8495-AF85-44DC-A6DB-F1D5DF6227D8}
	EndGlobalSection
	GlobalSection(ExtensibilityGlobals) = postSolution
		SolutionGuid = {C54185F4-20BF-4AA8-9AF0-FA90A37C51A7}
	EndGlobalSection
EndGlobal
